
Microsoft Visual Studio Solution File, Format Version 12.00
# Visual Studio Version 17
VisualStudioVersion = 17.3.32901.215
MinimumVisualStudioVersion = 10.0.40219.1
Project("{FAE04EC0-301F-11D3-BF4B-00C04F79EFBC}") = "musteri arama ödev4-847", "musteri arama ödev4-847\musteri arama ödev4-847.csproj", "{678CD409-98D8-484A-854A-1C1D0581185E}"
EndProject
Global
	GlobalSection(SolutionConfigurationPlatforms) = preSolution
		Debug|Any CPU = Debug|Any CPU
		Release|Any CPU = Release|Any CPU
	EndGlobalSection
	GlobalSection(ProjectConfigurationPlatforms) = postSolution
		{678CD409-98D8-484A-854A-1C1D0581185E}.Debug|Any CPU.ActiveCfg = Debug|Any CPU
		{678CD409-98D8-484A-854A-1C1D0581185E}.Debug|Any CPU.Build.0 = Debug|Any CPU
		{678CD409-98D8-484A-854A-1C1D0581185E}.Release|Any CPU.ActiveCfg = Release|Any CPU
		{678CD409-98D8-484A-854A-1C1D0581185E}.Release|Any CPU.Build.0 = Release|Any CPU
	EndGlobalSection
	GlobalSection(SolutionProperties) = preSolution
		HideSolutionNode = FALSE
	EndGlobalSection
	GlobalSection(ExtensibilityGlobals) = postSolution
		SolutionGuid = {979F1E52-57F1-4251-9818-70D4D7221AC3}
	EndGlobalSection
EndGlobal
